// !$*UTF8*$!
{
	archiveVersion = 1;
	classes = {
	};
	objectVersion = 56;
	objects = {

/* Begin PBXBuildFile section */
		740100C46D275B7544A367D2 /* Pods_GmmApp.framework in Frameworks */ = {isa = PBXBuildFile; fileRef = 48876F9A6A1E125C1633E04B /* Pods_GmmApp.framework */; };
		8C00779029FA405400CA27B5 /* LogUtils.swift in Sources */ = {isa = PBXBuildFile; fileRef = 8C00778F29FA405400CA27B5 /* LogUtils.swift */; };
		8C00779229FA46A700CA27B5 /* PermissionUtils.swift in Sources */ = {isa = PBXBuildFile; fileRef = 8C00779129FA46A700CA27B5 /* PermissionUtils.swift */; };
		8C00779529FA4A0200CA27B5 /* AppEnviroment.swift in Sources */ = {isa = PBXBuildFile; fileRef = 8C00779429FA4A0200CA27B5 /* AppEnviroment.swift */; };
		8C00779729FA4AAD00CA27B5 /* DeviceInformation.swift in Sources */ = {isa = PBXBuildFile; fileRef = 8C00779629FA4AAD00CA27B5 /* DeviceInformation.swift */; };
		8C00779929FA4B2200CA27B5 /* UserInformation.swift in Sources */ = {isa = PBXBuildFile; fileRef = 8C00779829FA4B2200CA27B5 /* UserInformation.swift */; };
		8C00779C29FA4BFF00CA27B5 /* JavascriptBridge.swift in Sources */ = {isa = PBXBuildFile; fileRef = 8C00779B29FA4BFF00CA27B5 /* JavascriptBridge.swift */; };
		8C0436932ACE3B3F00AEE557 /* GoogleService-Info.plist in Resources */ = {isa = PBXBuildFile; fileRef = 8C0436922ACE3B3F00AEE557 /* GoogleService-Info.plist */; };
		8C0436952ACE3B4E00AEE557 /* GoogleService-Info.plist in Resources */ = {isa = PBXBuildFile; fileRef = 8C0436942ACE3B4E00AEE557 /* GoogleService-Info.plist */; };
		8C27C5CB2A64E01B00B3CB14 /* GmmApplication.swift in Sources */ = {isa = PBXBuildFile; fileRef = 8C27C5CA2A64E01B00B3CB14 /* GmmApplication.swift */; };
		8C4CF3142ABD27E400D64B12 /* PopupViewController.swift in Sources */ = {isa = PBXBuildFile; fileRef = 8C4CF3132ABD27E400D64B12 /* PopupViewController.swift */; };
		8C4CF3182ABDDACA00D64B12 /* AppService.swift in Sources */ = {isa = PBXBuildFile; fileRef = 8C4CF3172ABDDACA00D64B12 /* AppService.swift */; };
		8C54F0852A5BF48800B64326 /* LoginViewController.swift in Sources */ = {isa = PBXBuildFile; fileRef = 8C54F0842A5BF48800B64326 /* LoginViewController.swift */; };
		8C54F0882A5BF5C600B64326 /* WebViewController.swift in Sources */ = {isa = PBXBuildFile; fileRef = 8C54F0872A5BF5C600B64326 /* WebViewController.swift */; };
		8C6C09AB2AC29BD400220CC1 /* AppSettingViewController.swift in Sources */ = {isa = PBXBuildFile; fileRef = 8C6C09AA2AC29BD400220CC1 /* AppSettingViewController.swift */; };
		8C6C09AD2AC2A8B400220CC1 /* AppMenuViewController.swift in Sources */ = {isa = PBXBuildFile; fileRef = 8C6C09AC2AC2A8B400220CC1 /* AppMenuViewController.swift */; };
		8C6CBBF52ABAB68E007E42B4 /* NotificationService.swift in Sources */ = {isa = PBXBuildFile; fileRef = 8C6CBBF42ABAB68E007E42B4 /* NotificationService.swift */; };
		8C6FA25E2AC13E3800C31BA9 /* CoreServices.swift in Sources */ = {isa = PBXBuildFile; fileRef = 8C6FA25D2AC13E3800C31BA9 /* CoreServices.swift */; };
		8C6FA2602AC1527100C31BA9 /* DrawerSlideAnimation.swift in Sources */ = {isa = PBXBuildFile; fileRef = 8C6FA25F2AC1527100C31BA9 /* DrawerSlideAnimation.swift */; };
		8C6FA2622AC152EB00C31BA9 /* DrawerTransitionManager.swift in Sources */ = {isa = PBXBuildFile; fileRef = 8C6FA2612AC152EB00C31BA9 /* DrawerTransitionManager.swift */; };
		8C6FA2642AC1531800C31BA9 /* DrawerPresentationController.swift in Sources */ = {isa = PBXBuildFile; fileRef = 8C6FA2632AC1531800C31BA9 /* DrawerPresentationController.swift */; };
		8C6FA2662AC153BF00C31BA9 /* DrawerWebViewController.swift in Sources */ = {isa = PBXBuildFile; fileRef = 8C6FA2652AC153BF00C31BA9 /* DrawerWebViewController.swift */; };
		8C6FA2682AC1BDF700C31BA9 /* Media.swift in Sources */ = {isa = PBXBuildFile; fileRef = 8C6FA2672AC1BDF700C31BA9 /* Media.swift */; };
		8C7E35602AB7F35F00CF6348 /* FetchAPI.swift in Sources */ = {isa = PBXBuildFile; fileRef = 8C7E355F2AB7F35F00CF6348 /* FetchAPI.swift */; };
		8C7E35632AB8402000CF6348 /* LoginService.swift in Sources */ = {isa = PBXBuildFile; fileRef = 8C7E35622AB8402000CF6348 /* LoginService.swift */; };
		8C7E35652AB887A800CF6348 /* CookieUtils.swift in Sources */ = {isa = PBXBuildFile; fileRef = 8C7E35642AB887A800CF6348 /* CookieUtils.swift */; };
		8C947D242ABC19980028513B /* CustomPushWebViewController.swift in Sources */ = {isa = PBXBuildFile; fileRef = 8C947D232ABC19980028513B /* CustomPushWebViewController.swift */; };
		8CA695A62A6ADD1600AC3EB1 /* TabNavigationController.swift in Sources */ = {isa = PBXBuildFile; fileRef = 8CA695A52A6ADD1600AC3EB1 /* TabNavigationController.swift */; };
		8CA6A39A2A67DED700984691 /* MainTabBarController.swift in Sources */ = {isa = PBXBuildFile; fileRef = 8CA6A3992A67DED700984691 /* MainTabBarController.swift */; };
		8CA6A39C2A67E63F00984691 /* HomeViewController.swift in Sources */ = {isa = PBXBuildFile; fileRef = 8CA6A39B2A67E63F00984691 /* HomeViewController.swift */; };
		8CA6A39F2A680B2800984691 /* CentViewController.swift in Sources */ = {isa = PBXBuildFile; fileRef = 8CA6A39D2A680B2800984691 /* CentViewController.swift */; };
		8CA6A3A02A680B2800984691 /* TrcnViewController.swift in Sources */ = {isa = PBXBuildFile; fileRef = 8CA6A39E2A680B2800984691 /* TrcnViewController.swift */; };
		8CA9B11129F790AD00BAE335 /* AppDelegate.swift in Sources */ = {isa = PBXBuildFile; fileRef = 8CA9B11029F790AD00BAE335 /* AppDelegate.swift */; };
		8CA9B11329F790AD00BAE335 /* SceneDelegate.swift in Sources */ = {isa = PBXBuildFile; fileRef = 8CA9B11229F790AD00BAE335 /* SceneDelegate.swift */; };
		8CA9B11829F790AD00BAE335 /* Main.storyboard in Resources */ = {isa = PBXBuildFile; fileRef = 8CA9B11629F790AD00BAE335 /* Main.storyboard */; };
		8CA9B11A29F790AE00BAE335 /* Assets.xcassets in Resources */ = {isa = PBXBuildFile; fileRef = 8CA9B11929F790AE00BAE335 /* Assets.xcassets */; };
		8CA9B11D29F790AE00BAE335 /* LaunchScreen.storyboard in Resources */ = {isa = PBXBuildFile; fileRef = 8CA9B11B29F790AE00BAE335 /* LaunchScreen.storyboard */; };
		8CB7526C2A7A175B0037A5CD /* PushWebViewController.swift in Sources */ = {isa = PBXBuildFile; fileRef = 8CB7526B2A7A175B0037A5CD /* PushWebViewController.swift */; };
		8CCDBA702AA6100B00DF4624 /* LogUtils.swift in Sources */ = {isa = PBXBuildFile; fileRef = 8CCDBA6F2AA6100B00DF4624 /* LogUtils.swift */; };
		8CDA79F52AA70C1F0049DC9C /* ModalWebViewController.swift in Sources */ = {isa = PBXBuildFile; fileRef = 8CDA79F42AA70C1F0049DC9C /* ModalWebViewController.swift */; };
		8CDFD7962AA1C987005CCB57 /* NotificationService.swift in Sources */ = {isa = PBXBuildFile; fileRef = 8CDFD7952AA1C987005CCB57 /* NotificationService.swift */; };
		8CDFD79A2AA1C987005CCB57 /* GmmAppNotificationService.appex in Embed Foundation Extensions */ = {isa = PBXBuildFile; fileRef = 8CDFD7932AA1C987005CCB57 /* GmmAppNotificationService.appex */; settings = {ATTRIBUTES = (RemoveHeadersOnCopy, ); }; };
/* End PBXBuildFile section */

/* Begin PBXContainerItemProxy section */
		8CDFD7982AA1C987005CCB57 /* PBXContainerItemProxy */ = {
			isa = PBXContainerItemProxy;
			containerPortal = 8CA9B10529F790AD00BAE335 /* Project object */;
			proxyType = 1;
			remoteGlobalIDString = 8CDFD7922AA1C987005CCB57;
			remoteInfo = GmmAppNotificationService;
		};
/* End PBXContainerItemProxy section */

/* Begin PBXCopyFilesBuildPhase section */
		8CDFD79B2AA1C987005CCB57 /* Embed Foundation Extensions */ = {
			isa = PBXCopyFilesBuildPhase;
			buildActionMask = 2147483647;
			dstPath = "";
			dstSubfolderSpec = 13;
			files = (
				8CDFD79A2AA1C987005CCB57 /* GmmAppNotificationService.appex in Embed Foundation Extensions */,
			);
			name = "Embed Foundation Extensions";
			runOnlyForDeploymentPostprocessing = 0;
		};
/* End PBXCopyFilesBuildPhase section */

/* Begin PBXFileReference section */
		1FE08A824A021512289F8831 /* Pods-GmmApp.release.xcconfig */ = {isa = PBXFileReference; includeInIndex = 1; lastKnownFileType = text.xcconfig; name = "Pods-GmmApp.release.xcconfig"; path = "Target Support Files/Pods-GmmApp/Pods-GmmApp.release.xcconfig"; sourceTree = "<group>"; };
		48876F9A6A1E125C1633E04B /* Pods_GmmApp.framework */ = {isa = PBXFileReference; explicitFileType = wrapper.framework; includeInIndex = 0; path = Pods_GmmApp.framework; sourceTree = BUILT_PRODUCTS_DIR; };
		8C00778F29FA405400CA27B5 /* LogUtils.swift */ = {isa = PBXFileReference; lastKnownFileType = sourcecode.swift; path = LogUtils.swift; sourceTree = "<group>"; };
		8C00779129FA46A700CA27B5 /* PermissionUtils.swift */ = {isa = PBXFileReference; lastKnownFileType = sourcecode.swift; path = PermissionUtils.swift; sourceTree = "<group>"; };
		8C00779429FA4A0200CA27B5 /* AppEnviroment.swift */ = {isa = PBXFileReference; lastKnownFileType = sourcecode.swift; path = AppEnviroment.swift; sourceTree = "<group>"; };
		8C00779629FA4AAD00CA27B5 /* DeviceInformation.swift */ = {isa = PBXFileReference; lastKnownFileType = sourcecode.swift; path = DeviceInformation.swift; sourceTree = "<group>"; };
		8C00779829FA4B2200CA27B5 /* UserInformation.swift */ = {isa = PBXFileReference; lastKnownFileType = sourcecode.swift; path = UserInformation.swift; sourceTree = "<group>"; };
		8C00779B29FA4BFF00CA27B5 /* JavascriptBridge.swift */ = {isa = PBXFileReference; lastKnownFileType = sourcecode.swift; path = JavascriptBridge.swift; sourceTree = "<group>"; };
		8C0436922ACE3B3F00AEE557 /* GoogleService-Info.plist */ = {isa = PBXFileReference; fileEncoding = 4; lastKnownFileType = text.plist.xml; path = "GoogleService-Info.plist"; sourceTree = "<group>"; };
		8C0436942ACE3B4E00AEE557 /* GoogleService-Info.plist */ = {isa = PBXFileReference; fileEncoding = 4; lastKnownFileType = text.plist.xml; path = "GoogleService-Info.plist"; sourceTree = "<group>"; };
		8C27C5CA2A64E01B00B3CB14 /* GmmApplication.swift */ = {isa = PBXFileReference; lastKnownFileType = sourcecode.swift; path = GmmApplication.swift; sourceTree = "<group>"; };
		8C4CF3132ABD27E400D64B12 /* PopupViewController.swift */ = {isa = PBXFileReference; lastKnownFileType = sourcecode.swift; path = PopupViewController.swift; sourceTree = "<group>"; };
		8C4CF3172ABDDACA00D64B12 /* AppService.swift */ = {isa = PBXFileReference; lastKnownFileType = sourcecode.swift; path = AppService.swift; sourceTree = "<group>"; };
		8C54F0842A5BF48800B64326 /* LoginViewController.swift */ = {isa = PBXFileReference; lastKnownFileType = sourcecode.swift; path = LoginViewController.swift; sourceTree = "<group>"; };
		8C54F0872A5BF5C600B64326 /* WebViewController.swift */ = {isa = PBXFileReference; lastKnownFileType = sourcecode.swift; path = WebViewController.swift; sourceTree = "<group>"; };
		8C6C09AA2AC29BD400220CC1 /* AppSettingViewController.swift */ = {isa = PBXFileReference; lastKnownFileType = sourcecode.swift; path = AppSettingViewController.swift; sourceTree = "<group>"; };
		8C6C09AC2AC2A8B400220CC1 /* AppMenuViewController.swift */ = {isa = PBXFileReference; lastKnownFileType = sourcecode.swift; path = AppMenuViewController.swift; sourceTree = "<group>"; };
		8C6CBBF42ABAB68E007E42B4 /* NotificationService.swift */ = {isa = PBXFileReference; lastKnownFileType = sourcecode.swift; path = NotificationService.swift; sourceTree = "<group>"; };
		8C6FA25D2AC13E3800C31BA9 /* CoreServices.swift */ = {isa = PBXFileReference; lastKnownFileType = sourcecode.swift; path = CoreServices.swift; sourceTree = "<group>"; };
		8C6FA25F2AC1527100C31BA9 /* DrawerSlideAnimation.swift */ = {isa = PBXFileReference; lastKnownFileType = sourcecode.swift; path = DrawerSlideAnimation.swift; sourceTree = "<group>"; };
		8C6FA2612AC152EB00C31BA9 /* DrawerTransitionManager.swift */ = {isa = PBXFileReference; lastKnownFileType = sourcecode.swift; path = DrawerTransitionManager.swift; sourceTree = "<group>"; };
		8C6FA2632AC1531800C31BA9 /* DrawerPresentationController.swift */ = {isa = PBXFileReference; lastKnownFileType = sourcecode.swift; path = DrawerPresentationController.swift; sourceTree = "<group>"; };
		8C6FA2652AC153BF00C31BA9 /* DrawerWebViewController.swift */ = {isa = PBXFileReference; lastKnownFileType = sourcecode.swift; path = DrawerWebViewController.swift; sourceTree = "<group>"; };
		8C6FA2672AC1BDF700C31BA9 /* Media.swift */ = {isa = PBXFileReference; lastKnownFileType = sourcecode.swift; path = Media.swift; sourceTree = "<group>"; };
		8C7E355F2AB7F35F00CF6348 /* FetchAPI.swift */ = {isa = PBXFileReference; lastKnownFileType = sourcecode.swift; path = FetchAPI.swift; sourceTree = "<group>"; };
		8C7E35622AB8402000CF6348 /* LoginService.swift */ = {isa = PBXFileReference; lastKnownFileType = sourcecode.swift; path = LoginService.swift; sourceTree = "<group>"; };
		8C7E35642AB887A800CF6348 /* CookieUtils.swift */ = {isa = PBXFileReference; lastKnownFileType = sourcecode.swift; path = CookieUtils.swift; sourceTree = "<group>"; };
		8C947D232ABC19980028513B /* CustomPushWebViewController.swift */ = {isa = PBXFileReference; fileEncoding = 4; lastKnownFileType = sourcecode.swift; path = CustomPushWebViewController.swift; sourceTree = "<group>"; };
		8CA695A52A6ADD1600AC3EB1 /* TabNavigationController.swift */ = {isa = PBXFileReference; lastKnownFileType = sourcecode.swift; path = TabNavigationController.swift; sourceTree = "<group>"; };
		8CA6A3992A67DED700984691 /* MainTabBarController.swift */ = {isa = PBXFileReference; lastKnownFileType = sourcecode.swift; name = MainTabBarController.swift; path = GmmApp/MainTabBarController.swift; sourceTree = SOURCE_ROOT; };
		8CA6A39B2A67E63F00984691 /* HomeViewController.swift */ = {isa = PBXFileReference; lastKnownFileType = sourcecode.swift; path = HomeViewController.swift; sourceTree = "<group>"; };
		8CA6A39D2A680B2800984691 /* CentViewController.swift */ = {isa = PBXFileReference; fileEncoding = 4; lastKnownFileType = sourcecode.swift; path = CentViewController.swift; sourceTree = "<group>"; };
		8CA6A39E2A680B2800984691 /* TrcnViewController.swift */ = {isa = PBXFileReference; fileEncoding = 4; lastKnownFileType = sourcecode.swift; path = TrcnViewController.swift; sourceTree = "<group>"; };
		8CA9B10D29F790AD00BAE335 /* GmmApp.app */ = {isa = PBXFileReference; explicitFileType = wrapper.application; includeInIndex = 0; path = GmmApp.app; sourceTree = BUILT_PRODUCTS_DIR; };
		8CA9B11029F790AD00BAE335 /* AppDelegate.swift */ = {isa = PBXFileReference; lastKnownFileType = sourcecode.swift; path = AppDelegate.swift; sourceTree = "<group>"; };
		8CA9B11229F790AD00BAE335 /* SceneDelegate.swift */ = {isa = PBXFileReference; lastKnownFileType = sourcecode.swift; path = SceneDelegate.swift; sourceTree = "<group>"; };
		8CA9B11729F790AD00BAE335 /* Base */ = {isa = PBXFileReference; lastKnownFileType = file.storyboard; name = Base; path = Base.lproj/Main.storyboard; sourceTree = "<group>"; };
		8CA9B11929F790AE00BAE335 /* Assets.xcassets */ = {isa = PBXFileReference; lastKnownFileType = folder.assetcatalog; path = Assets.xcassets; sourceTree = "<group>"; };
		8CA9B11C29F790AE00BAE335 /* Base */ = {isa = PBXFileReference; lastKnownFileType = file.storyboard; name = Base; path = Base.lproj/LaunchScreen.storyboard; sourceTree = "<group>"; };
		8CA9B11E29F790AE00BAE335 /* Info.plist */ = {isa = PBXFileReference; lastKnownFileType = text.plist.xml; path = Info.plist; sourceTree = "<group>"; };
		8CA9B12429F7929B00BAE335 /* Config.xcconfig */ = {isa = PBXFileReference; lastKnownFileType = text.xcconfig; path = Config.xcconfig; sourceTree = "<group>"; };
		8CA9B12629F792CF00BAE335 /* ConfigPro.xcconfig */ = {isa = PBXFileReference; lastKnownFileType = text.xcconfig; path = ConfigPro.xcconfig; sourceTree = "<group>"; };
		8CB7526B2A7A175B0037A5CD /* PushWebViewController.swift */ = {isa = PBXFileReference; lastKnownFileType = sourcecode.swift; path = PushWebViewController.swift; sourceTree = "<group>"; };
		8CC836BD2A97406C00D83A51 /* GmmApp.entitlements */ = {isa = PBXFileReference; lastKnownFileType = text.plist.entitlements; path = GmmApp.entitlements; sourceTree = "<group>"; };
		8CCDBA6F2AA6100B00DF4624 /* LogUtils.swift */ = {isa = PBXFileReference; lastKnownFileType = sourcecode.swift; path = LogUtils.swift; sourceTree = "<group>"; };
		8CDA79F42AA70C1F0049DC9C /* ModalWebViewController.swift */ = {isa = PBXFileReference; lastKnownFileType = sourcecode.swift; path = ModalWebViewController.swift; sourceTree = "<group>"; };
		8CDFD7932AA1C987005CCB57 /* GmmAppNotificationService.appex */ = {isa = PBXFileReference; explicitFileType = "wrapper.app-extension"; includeInIndex = 0; path = GmmAppNotificationService.appex; sourceTree = BUILT_PRODUCTS_DIR; };
		8CDFD7952AA1C987005CCB57 /* NotificationService.swift */ = {isa = PBXFileReference; lastKnownFileType = sourcecode.swift; path = NotificationService.swift; sourceTree = "<group>"; };
		8CDFD7972AA1C987005CCB57 /* Info.plist */ = {isa = PBXFileReference; lastKnownFileType = text.plist.xml; path = Info.plist; sourceTree = "<group>"; };
		9C4014EAB49A7DA7D7B9A1BC /* Pods-GmmApp.debug.xcconfig */ = {isa = PBXFileReference; includeInIndex = 1; lastKnownFileType = text.xcconfig; name = "Pods-GmmApp.debug.xcconfig"; path = "Target Support Files/Pods-GmmApp/Pods-GmmApp.debug.xcconfig"; sourceTree = "<group>"; };
/* End PBXFileReference section */

/* Begin PBXFrameworksBuildPhase section */
		8CA9B10A29F790AD00BAE335 /* Frameworks */ = {
			isa = PBXFrameworksBuildPhase;
			buildActionMask = 2147483647;
			files = (
				740100C46D275B7544A367D2 /* Pods_GmmApp.framework in Frameworks */,
			);
			runOnlyForDeploymentPostprocessing = 0;
		};
		8CDFD7902AA1C987005CCB57 /* Frameworks */ = {
			isa = PBXFrameworksBuildPhase;
			buildActionMask = 2147483647;
			files = (
			);
			runOnlyForDeploymentPostprocessing = 0;
		};
/* End PBXFrameworksBuildPhase section */

/* Begin PBXGroup section */
		5B0284CBABF251AD7DCE1FF3 /* Pods */ = {
			isa = PBXGroup;
			children = (
				9C4014EAB49A7DA7D7B9A1BC /* Pods-GmmApp.debug.xcconfig */,
				1FE08A824A021512289F8831 /* Pods-GmmApp.release.xcconfig */,
			);
			path = Pods;
			sourceTree = "<group>";
		};
		8C00778E29FA402A00CA27B5 /* utils */ = {
			isa = PBXGroup;
			children = (
				8C00778F29FA405400CA27B5 /* LogUtils.swift */,
				8C00779129FA46A700CA27B5 /* PermissionUtils.swift */,
			);
			path = utils;
			sourceTree = "<group>";
		};
		8C00779329FA49D700CA27B5 /* common */ = {
			isa = PBXGroup;
			children = (
				8C6FA25C2AC13DE500C31BA9 /* extensions */,
				8C00778E29FA402A00CA27B5 /* utils */,
				8C7E355E2AB7F32700CF6348 /* api */,
				8C00779429FA4A0200CA27B5 /* AppEnviroment.swift */,
				8C00779629FA4AAD00CA27B5 /* DeviceInformation.swift */,
				8C00779829FA4B2200CA27B5 /* UserInformation.swift */,
				8C27C5CA2A64E01B00B3CB14 /* GmmApplication.swift */,
			);
			path = common;
			sourceTree = "<group>";
		};
		8C00779A29FA4BE800CA27B5 /* webview */ = {
			isa = PBXGroup;
			children = (
				8C947D232ABC19980028513B /* CustomPushWebViewController.swift */,
				8C54F0872A5BF5C600B64326 /* WebViewController.swift */,
				8C00779B29FA4BFF00CA27B5 /* JavascriptBridge.swift */,
				8C7E35642AB887A800CF6348 /* CookieUtils.swift */,
				8CDA79F42AA70C1F0049DC9C /* ModalWebViewController.swift */,
				8CB7526B2A7A175B0037A5CD /* PushWebViewController.swift */,
				8C6FA2652AC153BF00C31BA9 /* DrawerWebViewController.swift */,
			);
			path = webview;
			sourceTree = "<group>";
		};
		8C54F0862A5BF58500B64326 /* dashboard */ = {
			isa = PBXGroup;
			children = (
				8CA6A39B2A67E63F00984691 /* HomeViewController.swift */,
				8CA6A39D2A680B2800984691 /* CentViewController.swift */,
				8CA6A39E2A680B2800984691 /* TrcnViewController.swift */,
				8CA695A52A6ADD1600AC3EB1 /* TabNavigationController.swift */,
			);
			path = dashboard;
			sourceTree = "<group>";
		};
		8C6C09A92AC29B3F00220CC1 /* setting */ = {
			isa = PBXGroup;
			children = (
				8C6C09AA2AC29BD400220CC1 /* AppSettingViewController.swift */,
				8C6C09AC2AC2A8B400220CC1 /* AppMenuViewController.swift */,
			);
			path = setting;
			sourceTree = "<group>";
		};
		8C6CBBF32ABAB674007E42B4 /* notification */ = {
			isa = PBXGroup;
			children = (
				8C6CBBF42ABAB68E007E42B4 /* NotificationService.swift */,
			);
			path = notification;
			sourceTree = "<group>";
		};
		8C6FA25C2AC13DE500C31BA9 /* extensions */ = {
			isa = PBXGroup;
			children = (
				8C6FA25D2AC13E3800C31BA9 /* CoreServices.swift */,
				8C6FA2672AC1BDF700C31BA9 /* Media.swift */,
			);
			path = extensions;
			sourceTree = "<group>";
		};
		8C7E355E2AB7F32700CF6348 /* api */ = {
			isa = PBXGroup;
			children = (
				8C7E355F2AB7F35F00CF6348 /* FetchAPI.swift */,
			);
			path = api;
			sourceTree = "<group>";
		};
		8C7E35612AB8400400CF6348 /* login */ = {
			isa = PBXGroup;
			children = (
				8C54F0842A5BF48800B64326 /* LoginViewController.swift */,
				8C7E35622AB8402000CF6348 /* LoginService.swift */,
			);
			path = login;
			sourceTree = "<group>";
		};
		8C947D252ABC1D2C0028513B /* app */ = {
			isa = PBXGroup;
			children = (
				8C4CF3172ABDDACA00D64B12 /* AppService.swift */,
			);
			path = app;
			sourceTree = "<group>";
		};
		8C947D292ABC68AF0028513B /* controllers */ = {
			isa = PBXGroup;
			children = (
				8C4CF3132ABD27E400D64B12 /* PopupViewController.swift */,
				8C6FA25F2AC1527100C31BA9 /* DrawerSlideAnimation.swift */,
				8C6FA2612AC152EB00C31BA9 /* DrawerTransitionManager.swift */,
				8C6FA2632AC1531800C31BA9 /* DrawerPresentationController.swift */,
			);
			path = controllers;
			sourceTree = "<group>";
		};
		8CA9B10429F790AD00BAE335 = {
			isa = PBXGroup;
			children = (
				8CA9B10F29F790AD00BAE335 /* GmmApp */,
				8CDFD7942AA1C987005CCB57 /* GmmAppNotificationService */,
				8CA9B10E29F790AD00BAE335 /* Products */,
				5B0284CBABF251AD7DCE1FF3 /* Pods */,
				98CEDDD0EB5983B2B7266BD0 /* Frameworks */,
			);
			sourceTree = "<group>";
		};
		8CA9B10E29F790AD00BAE335 /* Products */ = {
			isa = PBXGroup;
			children = (
				8CA9B10D29F790AD00BAE335 /* GmmApp.app */,
				8CDFD7932AA1C987005CCB57 /* GmmAppNotificationService.appex */,
			);
			name = Products;
			sourceTree = "<group>";
		};
		8CA9B10F29F790AD00BAE335 /* GmmApp */ = {
			isa = PBXGroup;
			children = (
				8C6C09A92AC29B3F00220CC1 /* setting */,
				8C947D292ABC68AF0028513B /* controllers */,
				8C947D252ABC1D2C0028513B /* app */,
				8C6CBBF32ABAB674007E42B4 /* notification */,
				8C7E35612AB8400400CF6348 /* login */,
				8CC836BF2A974FC400D83A51 /* Firebase */,
				8CC836BD2A97406C00D83A51 /* GmmApp.entitlements */,
				8C00779A29FA4BE800CA27B5 /* webview */,
				8C00779329FA49D700CA27B5 /* common */,
				8C54F0862A5BF58500B64326 /* dashboard */,
				8CA9B11029F790AD00BAE335 /* AppDelegate.swift */,
				8CA9B11229F790AD00BAE335 /* SceneDelegate.swift */,
				8CA9B11629F790AD00BAE335 /* Main.storyboard */,
				8CA9B11929F790AE00BAE335 /* Assets.xcassets */,
				8CA9B11B29F790AE00BAE335 /* LaunchScreen.storyboard */,
				8CA9B11E29F790AE00BAE335 /* Info.plist */,
				8CA9B12429F7929B00BAE335 /* Config.xcconfig */,
				8CA9B12629F792CF00BAE335 /* ConfigPro.xcconfig */,
				8CA6A3992A67DED700984691 /* MainTabBarController.swift */,
			);
			path = GmmApp;
			sourceTree = "<group>";
		};
		8CC836BF2A974FC400D83A51 /* Firebase */ = {
			isa = PBXGroup;
			children = (
				8CC836C22A97803A00D83A51 /* Dev */,
				8CC836C12A97802400D83A51 /* Prod */,
			);
			path = Firebase;
			sourceTree = "<group>";
		};
		8CC836C12A97802400D83A51 /* Prod */ = {
			isa = PBXGroup;
			children = (
				8C0436922ACE3B3F00AEE557 /* GoogleService-Info.plist */,
			);
			path = Prod;
			sourceTree = "<group>";
		};
		8CC836C22A97803A00D83A51 /* Dev */ = {
			isa = PBXGroup;
			children = (
				8C0436942ACE3B4E00AEE557 /* GoogleService-Info.plist */,
			);
			path = Dev;
			sourceTree = "<group>";
		};
		8CDFD7942AA1C987005CCB57 /* GmmAppNotificationService */ = {
			isa = PBXGroup;
			children = (
				8CDFD7952AA1C987005CCB57 /* NotificationService.swift */,
				8CDFD7972AA1C987005CCB57 /* Info.plist */,
				8CCDBA6F2AA6100B00DF4624 /* LogUtils.swift */,
			);
			path = GmmAppNotificationService;
			sourceTree = "<group>";
		};
		98CEDDD0EB5983B2B7266BD0 /* Frameworks */ = {
			isa = PBXGroup;
			children = (
				48876F9A6A1E125C1633E04B /* Pods_GmmApp.framework */,
			);
			name = Frameworks;
			sourceTree = "<group>";
		};
/* End PBXGroup section */

/* Begin PBXNativeTarget section */
		8CA9B10C29F790AD00BAE335 /* GmmApp */ = {
			isa = PBXNativeTarget;
			buildConfigurationList = 8CA9B12129F790AE00BAE335 /* Build configuration list for PBXNativeTarget "GmmApp" */;
			buildPhases = (
				FAFB8A9DDFD11A3AD6AE79E5 /* [CP] Check Pods Manifest.lock */,
				8CA9B10929F790AD00BAE335 /* Sources */,
				8CA9B10A29F790AD00BAE335 /* Frameworks */,
				8CA9B10B29F790AD00BAE335 /* Resources */,
				E6D077972487F12C3FCB55CC /* [CP] Embed Pods Frameworks */,
				8CC836C02A97502A00D83A51 /* Google Analytics Run Script */,
				8CDFD79B2AA1C987005CCB57 /* Embed Foundation Extensions */,
			);
			buildRules = (
			);
			dependencies = (
				8CDFD7992AA1C987005CCB57 /* PBXTargetDependency */,
			);
			name = GmmApp;
			productName = GmmApp;
			productReference = 8CA9B10D29F790AD00BAE335 /* GmmApp.app */;
			productType = "com.apple.product-type.application";
		};
		8CDFD7922AA1C987005CCB57 /* GmmAppNotificationService */ = {
			isa = PBXNativeTarget;
			buildConfigurationList = 8CDFD79E2AA1C987005CCB57 /* Build configuration list for PBXNativeTarget "GmmAppNotificationService" */;
			buildPhases = (
				8CDFD78F2AA1C987005CCB57 /* Sources */,
				8CDFD7902AA1C987005CCB57 /* Frameworks */,
				8CDFD7912AA1C987005CCB57 /* Resources */,
			);
			buildRules = (
			);
			dependencies = (
			);
			name = GmmAppNotificationService;
			productName = GmmAppNotificationService;
			productReference = 8CDFD7932AA1C987005CCB57 /* GmmAppNotificationService.appex */;
			productType = "com.apple.product-type.app-extension";
		};
/* End PBXNativeTarget section */

/* Begin PBXProject section */
		8CA9B10529F790AD00BAE335 /* Project object */ = {
			isa = PBXProject;
			attributes = {
				BuildIndependentTargetsInParallel = 1;
				LastSwiftUpdateCheck = 1430;
				LastUpgradeCheck = 1430;
				TargetAttributes = {
					8CA9B10C29F790AD00BAE335 = {
						CreatedOnToolsVersion = 14.2;
					};
					8CDFD7922AA1C987005CCB57 = {
						CreatedOnToolsVersion = 14.3.1;
					};
				};
			};
			buildConfigurationList = 8CA9B10829F790AD00BAE335 /* Build configuration list for PBXProject "GmmApp" */;
			compatibilityVersion = "Xcode 14.0";
			developmentRegion = en;
			hasScannedForEncodings = 0;
			knownRegions = (
				en,
				Base,
			);
			mainGroup = 8CA9B10429F790AD00BAE335;
			productRefGroup = 8CA9B10E29F790AD00BAE335 /* Products */;
			projectDirPath = "";
			projectRoot = "";
			targets = (
				8CA9B10C29F790AD00BAE335 /* GmmApp */,
				8CDFD7922AA1C987005CCB57 /* GmmAppNotificationService */,
			);
		};
/* End PBXProject section */

/* Begin PBXResourcesBuildPhase section */
		8CA9B10B29F790AD00BAE335 /* Resources */ = {
			isa = PBXResourcesBuildPhase;
			buildActionMask = 2147483647;
			files = (
				8CA9B11D29F790AE00BAE335 /* LaunchScreen.storyboard in Resources */,
				8C0436932ACE3B3F00AEE557 /* GoogleService-Info.plist in Resources */,
				8C0436952ACE3B4E00AEE557 /* GoogleService-Info.plist in Resources */,
				8CA9B11A29F790AE00BAE335 /* Assets.xcassets in Resources */,
				8CA9B11829F790AD00BAE335 /* Main.storyboard in Resources */,
			);
			runOnlyForDeploymentPostprocessing = 0;
		};
		8CDFD7912AA1C987005CCB57 /* Resources */ = {
			isa = PBXResourcesBuildPhase;
			buildActionMask = 2147483647;
			files = (
			);
			runOnlyForDeploymentPostprocessing = 0;
		};
/* End PBXResourcesBuildPhase section */

/* Begin PBXShellScriptBuildPhase section */
		8CC836C02A97502A00D83A51 /* Google Analytics Run Script */ = {
			isa = PBXShellScriptBuildPhase;
			alwaysOutOfDate = 1;
			buildActionMask = 2147483647;
			files = (
			);
			inputFileListPaths = (
			);
			inputPaths = (
			);
			name = "Google Analytics Run Script";
			outputFileListPaths = (
			);
			outputPaths = (
			);
			runOnlyForDeploymentPostprocessing = 0;
			shellPath = /bin/sh;
			shellScript = "# Name of the resource \nGOOGLESERVICE_INFO_PLIST=GoogleService-Info.plist\n\n# Get references to dev and prod versions of the GoogleService-Info.plist\nGOOGLESERVICE_INFO_DEV=${PROJECT_DIR}/${TARGET_NAME}/Firebase/Dev/${GOOGLESERVICE_INFO_PLIST}\nGOOGLESERVICE_INFO_PROD=${PROJECT_DIR}/${TARGET_NAME}/Firebase/Prod/${GOOGLESERVICE_INFO_PLIST}\n\n# Make sure the dev & prod version of GoogleService-Info.plist exists\necho \"Looking for ${GOOGLESERVICE_INFO_PLIST} in ${GOOGLESERVICE_INFO_DEV}\"\nif [ ! -f $GOOGLESERVICE_INFO_DEV ]\nthen\n    echo \"No Development GoogleService-Info.plist found. Please ensure it's in the proper directory.\"\n    exit 1\nfi\n\necho \"Looking for ${GOOGLESERVICE_INFO_PLIST} in ${GOOGLESERVICE_INFO_PROD}\"\nif [ ! -f $GOOGLESERVICE_INFO_PROD ]\nthen\n    echo \"No Production GoogleService-Info.plist found. Please ensure it's in the proper directory.\"\n    exit 1\nfi\n\n# Get a reference to the destination location for the GoogleService-Info.plist\nPLIST_DESTINATION=${BUILT_PRODUCTS_DIR}/${PRODUCT_NAME}.app\necho \"Will copy ${GOOGLESERVICE_INFO_PLIST} to final destination: ${PLIST_DESTINATION}\"\n\n\n# Copy over the stg GoogleService-Info.plist for Debug builds\nif [ \"${CONFIGURATION}\" == \"Debug\" ]\nthen\n    echo \"-> Using ${GOOGLESERVICE_INFO_DEV}\"\n    echo \"-> Config ${CONFIGURATION}\"\n    cp \"${GOOGLESERVICE_INFO_DEV}\" \"${PLIST_DESTINATION}\"\nelse\n    echo \"-> Using ${GOOGLESERVICE_INFO_PROD}\"\n    echo \"-> Config ${CONFIGURATION}\"\n    cp \"${GOOGLESERVICE_INFO_PROD}\" \"${PLIST_DESTINATION}\"\nfi\n";
		};
		E6D077972487F12C3FCB55CC /* [CP] Embed Pods Frameworks */ = {
			isa = PBXShellScriptBuildPhase;
			buildActionMask = 12;
			files = (
			);
			inputFileListPaths = (
				"${PODS_ROOT}/Target Support Files/Pods-GmmApp/Pods-GmmApp-frameworks-${CONFIGURATION}-input-files.xcfilelist",
			);
			name = "[CP] Embed Pods Frameworks";
			outputFileListPaths = (
				"${PODS_ROOT}/Target Support Files/Pods-GmmApp/Pods-GmmApp-frameworks-${CONFIGURATION}-output-files.xcfilelist",
			);
			runOnlyForDeploymentPostprocessing = 0;
			shellPath = /bin/sh;
			shellScript = "\"${PODS_ROOT}/Target Support Files/Pods-GmmApp/Pods-GmmApp-frameworks.sh\"\n";
			showEnvVarsInLog = 0;
		};
		FAFB8A9DDFD11A3AD6AE79E5 /* [CP] Check Pods Manifest.lock */ = {
			isa = PBXShellScriptBuildPhase;
			buildActionMask = 2147483647;
			files = (
			);
			inputFileListPaths = (
			);
			inputPaths = (
				"${PODS_PODFILE_DIR_PATH}/Podfile.lock",
				"${PODS_ROOT}/Manifest.lock",
			);
			name = "[CP] Check Pods Manifest.lock";
			outputFileListPaths = (
			);
			outputPaths = (
				"$(DERIVED_FILE_DIR)/Pods-GmmApp-checkManifestLockResult.txt",
			);
			runOnlyForDeploymentPostprocessing = 0;
			shellPath = /bin/sh;
			shellScript = "diff \"${PODS_PODFILE_DIR_PATH}/Podfile.lock\" \"${PODS_ROOT}/Manifest.lock\" > /dev/null\nif [ $? != 0 ] ; then\n    # print error to STDERR\n    echo \"error: The sandbox is not in sync with the Podfile.lock. Run 'pod install' or update your CocoaPods installation.\" >&2\n    exit 1\nfi\n# This output is used by Xcode 'outputs' to avoid re-running this script phase.\necho \"SUCCESS\" > \"${SCRIPT_OUTPUT_FILE_0}\"\n";
			showEnvVarsInLog = 0;
		};
/* End PBXShellScriptBuildPhase section */

/* Begin PBXSourcesBuildPhase section */
		8CA9B10929F790AD00BAE335 /* Sources */ = {
			isa = PBXSourcesBuildPhase;
			buildActionMask = 2147483647;
			files = (
				8C6FA2602AC1527100C31BA9 /* DrawerSlideAnimation.swift in Sources */,
				8C00779029FA405400CA27B5 /* LogUtils.swift in Sources */,
				8C00779C29FA4BFF00CA27B5 /* JavascriptBridge.swift in Sources */,
				8C6C09AB2AC29BD400220CC1 /* AppSettingViewController.swift in Sources */,
				8C54F0882A5BF5C600B64326 /* WebViewController.swift in Sources */,
				8C6CBBF52ABAB68E007E42B4 /* NotificationService.swift in Sources */,
				8CB7526C2A7A175B0037A5CD /* PushWebViewController.swift in Sources */,
				8C6FA2682AC1BDF700C31BA9 /* Media.swift in Sources */,
				8C27C5CB2A64E01B00B3CB14 /* GmmApplication.swift in Sources */,
				8CA695A62A6ADD1600AC3EB1 /* TabNavigationController.swift in Sources */,
				8CA6A39C2A67E63F00984691 /* HomeViewController.swift in Sources */,
				8C6FA25E2AC13E3800C31BA9 /* CoreServices.swift in Sources */,
				8C00779229FA46A700CA27B5 /* PermissionUtils.swift in Sources */,
				8C6C09AD2AC2A8B400220CC1 /* AppMenuViewController.swift in Sources */,
				8C4CF3182ABDDACA00D64B12 /* AppService.swift in Sources */,
				8C4CF3142ABD27E400D64B12 /* PopupViewController.swift in Sources */,
				8C7E35602AB7F35F00CF6348 /* FetchAPI.swift in Sources */,
				8CA6A39A2A67DED700984691 /* MainTabBarController.swift in Sources */,
				8CA9B11129F790AD00BAE335 /* AppDelegate.swift in Sources */,
				8CA6A3A02A680B2800984691 /* TrcnViewController.swift in Sources */,
				8C7E35632AB8402000CF6348 /* LoginService.swift in Sources */,
				8C947D242ABC19980028513B /* CustomPushWebViewController.swift in Sources */,
				8C00779529FA4A0200CA27B5 /* AppEnviroment.swift in Sources */,
				8C7E35652AB887A800CF6348 /* CookieUtils.swift in Sources */,
				8C6FA2622AC152EB00C31BA9 /* DrawerTransitionManager.swift in Sources */,
				8C6FA2642AC1531800C31BA9 /* DrawerPresentationController.swift in Sources */,
				8CA6A39F2A680B2800984691 /* CentViewController.swift in Sources */,
				8C6FA2662AC153BF00C31BA9 /* DrawerWebViewController.swift in Sources */,
				8C00779929FA4B2200CA27B5 /* UserInformation.swift in Sources */,
				8CA9B11329F790AD00BAE335 /* SceneDelegate.swift in Sources */,
				8C54F0852A5BF48800B64326 /* LoginViewController.swift in Sources */,
				8CDA79F52AA70C1F0049DC9C /* ModalWebViewController.swift in Sources */,
				8C00779729FA4AAD00CA27B5 /* DeviceInformation.swift in Sources */,
			);
			runOnlyForDeploymentPostprocessing = 0;
		};
		8CDFD78F2AA1C987005CCB57 /* Sources */ = {
			isa = PBXSourcesBuildPhase;
			buildActionMask = 2147483647;
			files = (
				8CCDBA702AA6100B00DF4624 /* LogUtils.swift in Sources */,
				8CDFD7962AA1C987005CCB57 /* NotificationService.swift in Sources */,
			);
			runOnlyForDeploymentPostprocessing = 0;
		};
/* End PBXSourcesBuildPhase section */

/* Begin PBXTargetDependency section */
		8CDFD7992AA1C987005CCB57 /* PBXTargetDependency */ = {
			isa = PBXTargetDependency;
			target = 8CDFD7922AA1C987005CCB57 /* GmmAppNotificationService */;
			targetProxy = 8CDFD7982AA1C987005CCB57 /* PBXContainerItemProxy */;
		};
/* End PBXTargetDependency section */

/* Begin PBXVariantGroup section */
		8CA9B11629F790AD00BAE335 /* Main.storyboard */ = {
			isa = PBXVariantGroup;
			children = (
				8CA9B11729F790AD00BAE335 /* Base */,
			);
			name = Main.storyboard;
			sourceTree = "<group>";
		};
		8CA9B11B29F790AE00BAE335 /* LaunchScreen.storyboard */ = {
			isa = PBXVariantGroup;
			children = (
				8CA9B11C29F790AE00BAE335 /* Base */,
			);
			name = LaunchScreen.storyboard;
			sourceTree = "<group>";
		};
/* End PBXVariantGroup section */

/* Begin XCBuildConfiguration section */
		8CA9B11F29F790AE00BAE335 /* Debug */ = {
			isa = XCBuildConfiguration;
			buildSettings = {
				ALWAYS_SEARCH_USER_PATHS = NO;
				CLANG_ANALYZER_NONNULL = YES;
				CLANG_ANALYZER_NUMBER_OBJECT_CONVERSION = YES_AGGRESSIVE;
				CLANG_CXX_LANGUAGE_STANDARD = "gnu++20";
				CLANG_ENABLE_MODULES = YES;
				CLANG_ENABLE_OBJC_ARC = YES;
				CLANG_ENABLE_OBJC_WEAK = YES;
				CLANG_WARN_BLOCK_CAPTURE_AUTORELEASING = YES;
				CLANG_WARN_BOOL_CONVERSION = YES;
				CLANG_WARN_COMMA = YES;
				CLANG_WARN_CONSTANT_CONVERSION = YES;
				CLANG_WARN_DEPRECATED_OBJC_IMPLEMENTATIONS = YES;
				CLANG_WARN_DIRECT_OBJC_ISA_USAGE = YES_ERROR;
				CLANG_WARN_DOCUMENTATION_COMMENTS = YES;
				CLANG_WARN_EMPTY_BODY = YES;
				CLANG_WARN_ENUM_CONVERSION = YES;
				CLANG_WARN_INFINITE_RECURSION = YES;
				CLANG_WARN_INT_CONVERSION = YES;
				CLANG_WARN_NON_LITERAL_NULL_CONVERSION = YES;
				CLANG_WARN_OBJC_IMPLICIT_RETAIN_SELF = YES;
				CLANG_WARN_OBJC_LITERAL_CONVERSION = YES;
				CLANG_WARN_OBJC_ROOT_CLASS = YES_ERROR;
				CLANG_WARN_QUOTED_INCLUDE_IN_FRAMEWORK_HEADER = YES;
				CLANG_WARN_RANGE_LOOP_ANALYSIS = YES;
				CLANG_WARN_STRICT_PROTOTYPES = YES;
				CLANG_WARN_SUSPICIOUS_MOVE = YES;
				CLANG_WARN_UNGUARDED_AVAILABILITY = YES_AGGRESSIVE;
				CLANG_WARN_UNREACHABLE_CODE = YES;
				CLANG_WARN__DUPLICATE_METHOD_MATCH = YES;
				COPY_PHASE_STRIP = NO;
				DEBUG_INFORMATION_FORMAT = dwarf;
				ENABLE_STRICT_OBJC_MSGSEND = YES;
				ENABLE_TESTABILITY = YES;
				GCC_C_LANGUAGE_STANDARD = gnu11;
				GCC_DYNAMIC_NO_PIC = NO;
				GCC_NO_COMMON_BLOCKS = YES;
				GCC_OPTIMIZATION_LEVEL = 0;
				GCC_PREPROCESSOR_DEFINITIONS = (
					"DEBUG=1",
					"$(inherited)",
				);
				GCC_WARN_64_TO_32_BIT_CONVERSION = YES;
				GCC_WARN_ABOUT_RETURN_TYPE = YES_ERROR;
				GCC_WARN_UNDECLARED_SELECTOR = YES;
				GCC_WARN_UNINITIALIZED_AUTOS = YES_AGGRESSIVE;
				GCC_WARN_UNUSED_FUNCTION = YES;
				GCC_WARN_UNUSED_VARIABLE = YES;
				IPHONEOS_DEPLOYMENT_TARGET = 16.2;
				MTL_ENABLE_DEBUG_INFO = INCLUDE_SOURCE;
				MTL_FAST_MATH = YES;
				ONLY_ACTIVE_ARCH = YES;
				SDKROOT = iphoneos;
				SWIFT_ACTIVE_COMPILATION_CONDITIONS = DEBUG;
				SWIFT_OPTIMIZATION_LEVEL = "-Onone";
			};
			name = Debug;
		};
		8CA9B12029F790AE00BAE335 /* Release */ = {
			isa = XCBuildConfiguration;
			buildSettings = {
				ALWAYS_SEARCH_USER_PATHS = NO;
				CLANG_ANALYZER_NONNULL = YES;
				CLANG_ANALYZER_NUMBER_OBJECT_CONVERSION = YES_AGGRESSIVE;
				CLANG_CXX_LANGUAGE_STANDARD = "gnu++20";
				CLANG_ENABLE_MODULES = YES;
				CLANG_ENABLE_OBJC_ARC = YES;
				CLANG_ENABLE_OBJC_WEAK = YES;
				CLANG_WARN_BLOCK_CAPTURE_AUTORELEASING = YES;
				CLANG_WARN_BOOL_CONVERSION = YES;
				CLANG_WARN_COMMA = YES;
				CLANG_WARN_CONSTANT_CONVERSION = YES;
				CLANG_WARN_DEPRECATED_OBJC_IMPLEMENTATIONS = YES;
				CLANG_WARN_DIRECT_OBJC_ISA_USAGE = YES_ERROR;
				CLANG_WARN_DOCUMENTATION_COMMENTS = YES;
				CLANG_WARN_EMPTY_BODY = YES;
				CLANG_WARN_ENUM_CONVERSION = YES;
				CLANG_WARN_INFINITE_RECURSION = YES;
				CLANG_WARN_INT_CONVERSION = YES;
				CLANG_WARN_NON_LITERAL_NULL_CONVERSION = YES;
				CLANG_WARN_OBJC_IMPLICIT_RETAIN_SELF = YES;
				CLANG_WARN_OBJC_LITERAL_CONVERSION = YES;
				CLANG_WARN_OBJC_ROOT_CLASS = YES_ERROR;
				CLANG_WARN_QUOTED_INCLUDE_IN_FRAMEWORK_HEADER = YES;
				CLANG_WARN_RANGE_LOOP_ANALYSIS = YES;
				CLANG_WARN_STRICT_PROTOTYPES = YES;
				CLANG_WARN_SUSPICIOUS_MOVE = YES;
				CLANG_WARN_UNGUARDED_AVAILABILITY = YES_AGGRESSIVE;
				CLANG_WARN_UNREACHABLE_CODE = YES;
				CLANG_WARN__DUPLICATE_METHOD_MATCH = YES;
				COPY_PHASE_STRIP = NO;
				DEBUG_INFORMATION_FORMAT = "dwarf-with-dsym";
				ENABLE_NS_ASSERTIONS = NO;
				ENABLE_STRICT_OBJC_MSGSEND = YES;
				GCC_C_LANGUAGE_STANDARD = gnu11;
				GCC_NO_COMMON_BLOCKS = YES;
				GCC_WARN_64_TO_32_BIT_CONVERSION = YES;
				GCC_WARN_ABOUT_RETURN_TYPE = YES_ERROR;
				GCC_WARN_UNDECLARED_SELECTOR = YES;
				GCC_WARN_UNINITIALIZED_AUTOS = YES_AGGRESSIVE;
				GCC_WARN_UNUSED_FUNCTION = YES;
				GCC_WARN_UNUSED_VARIABLE = YES;
				IPHONEOS_DEPLOYMENT_TARGET = 16.2;
				MTL_ENABLE_DEBUG_INFO = NO;
				MTL_FAST_MATH = YES;
				SDKROOT = iphoneos;
				SWIFT_COMPILATION_MODE = wholemodule;
				SWIFT_OPTIMIZATION_LEVEL = "-O";
				VALIDATE_PRODUCT = YES;
			};
			name = Release;
		};
		8CA9B12229F790AE00BAE335 /* Debug */ = {
			isa = XCBuildConfiguration;
			baseConfigurationReference = 8CA9B12429F7929B00BAE335 /* Config.xcconfig */;
			buildSettings = {
				ALWAYS_EMBED_SWIFT_STANDARD_LIBRARIES = YES;
				ASSETCATALOG_COMPILER_APPICON_NAME = AppIcon;
				ASSETCATALOG_COMPILER_GLOBAL_ACCENT_COLOR_NAME = AccentColor;
				CODE_SIGN_ENTITLEMENTS = GmmApp/GmmApp.entitlements;
				CODE_SIGN_STYLE = Automatic;
				CURRENT_PROJECT_VERSION = 2;
				DEVELOPMENT_TEAM = JX58GPA824;
				GENERATE_INFOPLIST_FILE = YES;
				INFOPLIST_FILE = GmmApp/Info.plist;
				INFOPLIST_KEY_CFBundleDisplayName = "${APP_NAME}";
				INFOPLIST_KEY_LSApplicationCategoryType = "public.app-category.productivity";
				INFOPLIST_KEY_NSLocationWhenInUseUsageDescription = "이렇게 하면 단말기 현장관리에서 단말기 장애 처리 서비스를 향상할 수 있습니다.";
				INFOPLIST_KEY_UIApplicationSupportsIndirectInputEvents = YES;
				INFOPLIST_KEY_UILaunchStoryboardName = LaunchScreen.storyboard;
				INFOPLIST_KEY_UIMainStoryboardFile = Main;
				INFOPLIST_KEY_UIRequiresFullScreen = YES;
				INFOPLIST_KEY_UISupportedInterfaceOrientations = UIInterfaceOrientationPortrait;
				IPHONEOS_DEPLOYMENT_TARGET = 16.2;
				LD_RUNPATH_SEARCH_PATHS = (
					"$(inherited)",
					"@executable_path/Frameworks",
				);
				MARKETING_VERSION = 1.0.1;
				PRODUCT_BUNDLE_IDENTIFIER = "${APP_BUNDLE_ID}";
				PRODUCT_NAME = "$(TARGET_NAME)";
				SUPPORTED_PLATFORMS = "iphoneos iphonesimulator";
				SUPPORTS_MACCATALYST = NO;
				SUPPORTS_MAC_DESIGNED_FOR_IPHONE_IPAD = YES;
				SWIFT_EMIT_LOC_STRINGS = YES;
				SWIFT_VERSION = 5.0;
				TARGETED_DEVICE_FAMILY = 1;
			};
			name = Debug;
		};
		8CA9B12329F790AE00BAE335 /* Release */ = {
			isa = XCBuildConfiguration;
			baseConfigurationReference = 8CA9B12629F792CF00BAE335 /* ConfigPro.xcconfig */;
			buildSettings = {
				ALWAYS_EMBED_SWIFT_STANDARD_LIBRARIES = YES;
				ASSETCATALOG_COMPILER_APPICON_NAME = AppIcon;
				ASSETCATALOG_COMPILER_GLOBAL_ACCENT_COLOR_NAME = AccentColor;
				CODE_SIGN_ENTITLEMENTS = GmmApp/GmmApp.entitlements;
				CODE_SIGN_STYLE = Automatic;
				CURRENT_PROJECT_VERSION = 2;
				DEVELOPMENT_TEAM = 6S324294X6;
				GENERATE_INFOPLIST_FILE = YES;
				INFOPLIST_FILE = GmmApp/Info.plist;
				INFOPLIST_KEY_CFBundleDisplayName = "${APP_NAME}";
				INFOPLIST_KEY_LSApplicationCategoryType = "public.app-category.productivity";
				INFOPLIST_KEY_NSLocationWhenInUseUsageDescription = "이렇게 하면 단말기 현장관리에서 단말기 장애 처리 서비스를 향상할 수 있습니다.";
				INFOPLIST_KEY_UIApplicationSupportsIndirectInputEvents = YES;
				INFOPLIST_KEY_UILaunchStoryboardName = LaunchScreen.storyboard;
				INFOPLIST_KEY_UIMainStoryboardFile = Main;
				INFOPLIST_KEY_UIRequiresFullScreen = YES;
				INFOPLIST_KEY_UISupportedInterfaceOrientations = UIInterfaceOrientationPortrait;
				IPHONEOS_DEPLOYMENT_TARGET = 16.2;
				LD_RUNPATH_SEARCH_PATHS = (
					"$(inherited)",
					"@executable_path/Frameworks",
				);
				MARKETING_VERSION = 1.0.1;
				PRODUCT_BUNDLE_IDENTIFIER = "${APP_BUNDLE_ID}";
				PRODUCT_NAME = "$(TARGET_NAME)";
				SUPPORTED_PLATFORMS = "iphoneos iphonesimulator";
				SUPPORTS_MACCATALYST = NO;
				SUPPORTS_MAC_DESIGNED_FOR_IPHONE_IPAD = YES;
				SWIFT_EMIT_LOC_STRINGS = YES;
				SWIFT_VERSION = 5.0;
				TARGETED_DEVICE_FAMILY = 1;
			};
			name = Release;
		};
		8CDFD79C2AA1C987005CCB57 /* Debug */ = {
			isa = XCBuildConfiguration;
			buildSettings = {
				CODE_SIGN_STYLE = Automatic;
				CURRENT_PROJECT_VERSION = 2;
				DEVELOPMENT_TEAM = JX58GPA824;
				GENERATE_INFOPLIST_FILE = YES;
				INFOPLIST_FILE = GmmAppNotificationService/Info.plist;
				INFOPLIST_KEY_CFBundleDisplayName = GmmAppNotificationService;
				INFOPLIST_KEY_NSHumanReadableCopyright = "";
				IPHONEOS_DEPLOYMENT_TARGET = 16.4;
				LD_RUNPATH_SEARCH_PATHS = (
					"$(inherited)",
					"@executable_path/Frameworks",
					"@executable_path/../../Frameworks",
				);
				MARKETING_VERSION = 1.0.1;
				PRODUCT_BUNDLE_IDENTIFIER = kr.co.tmoney.bfcs.gmmapp.dev.GmmAppNotificationService;
				PRODUCT_NAME = "$(TARGET_NAME)";
				SKIP_INSTALL = YES;
				SWIFT_EMIT_LOC_STRINGS = YES;
				SWIFT_VERSION = 5.0;
				TARGETED_DEVICE_FAMILY = "1,2";
			};
			name = Debug;
		};
		8CDFD79D2AA1C987005CCB57 /* Release */ = {
			isa = XCBuildConfiguration;
			buildSettings = {
				CODE_SIGN_STYLE = Automatic;
				CURRENT_PROJECT_VERSION = 2;
				DEVELOPMENT_TEAM = 6S324294X6;
				GENERATE_INFOPLIST_FILE = YES;
				INFOPLIST_FILE = GmmAppNotificationService/Info.plist;
				INFOPLIST_KEY_CFBundleDisplayName = GmmAppNotificationService;
				INFOPLIST_KEY_NSHumanReadableCopyright = "";
				IPHONEOS_DEPLOYMENT_TARGET = 16.4;
				LD_RUNPATH_SEARCH_PATHS = (
					"$(inherited)",
					"@executable_path/Frameworks",
					"@executable_path/../../Frameworks",
				);
				MARKETING_VERSION = 1.0.1;
				PRODUCT_BUNDLE_IDENTIFIER = kr.co.tmoney.bfcs.gmmapp2.GmmAppNotificationService;
				PRODUCT_NAME = "$(TARGET_NAME)";
				SKIP_INSTALL = YES;
				SWIFT_EMIT_LOC_STRINGS = YES;
				SWIFT_VERSION = 5.0;
				TARGETED_DEVICE_FAMILY = "1,2";
			};
			name = Release;
		};
/* End XCBuildConfiguration section */

/* Begin XCConfigurationList section */
		8CA9B10829F790AD00BAE335 /* Build configuration list for PBXProject "GmmApp" */ = {
			isa = XCConfigurationList;
			buildConfigurations = (
				8CA9B11F29F790AE00BAE335 /* Debug */,
				8CA9B12029F790AE00BAE335 /* Release */,
			);
			defaultConfigurationIsVisible = 0;
			defaultConfigurationName = Release;
		};
		8CA9B12129F790AE00BAE335 /* Build configuration list for PBXNativeTarget "GmmApp" */ = {
			isa = XCConfigurationList;
			buildConfigurations = (
				8CA9B12229F790AE00BAE335 /* Debug */,
				8CA9B12329F790AE00BAE335 /* Release */,
			);
			defaultConfigurationIsVisible = 0;
			defaultConfigurationName = Release;
		};
		8CDFD79E2AA1C987005CCB57 /* Build configuration list for PBXNativeTarget "GmmAppNotificationService" */ = {
			isa = XCConfigurationList;
			buildConfigurations = (
				8CDFD79C2AA1C987005CCB57 /* Debug */,
				8CDFD79D2AA1C987005CCB57 /* Release */,
			);
			defaultConfigurationIsVisible = 0;
			defaultConfigurationName = Release;
		};
/* End XCConfigurationList section */
	};
	rootObject = 8CA9B10529F790AD00BAE335 /* Project object */;
}
